
Microsoft Visual Studio Solution File, Format Version 12.00
# Visual Studio Version 17
VisualStudioVersion = 17.4.33110.190
MinimumVisualStudioVersion = 10.0.40219.1
Project("{FAE04EC0-301F-11D3-BF4B-00C04F79EFBC}") = "StacksandQueues", "StacksandQueues.csproj", "{3F521453-BBA8-4952-9A73-F1D0DD9F4698}"
EndProject
Global
	GlobalSection(SolutionConfigurationPlatforms) = preSolution
		Debug|Any CPU = Debug|Any CPU
		Release|Any CPU = Release|Any CPU
	EndGlobalSection
	GlobalSection(ProjectConfigurationPlatforms) = postSolution
		{3F521453-BBA8-4952-9A73-F1D0DD9F4698}.Debug|Any CPU.ActiveCfg = Debug|Any CPU
		{3F521453-BBA8-4952-9A73-F1D0DD9F4698}.Debug|Any CPU.Build.0 = Debug|Any CPU
		{3F521453-BBA8-4952-9A73-F1D0DD9F4698}.Release|Any CPU.ActiveCfg = Release|Any CPU
		{3F521453-BBA8-4952-9A73-F1D0DD9F4698}.Release|Any CPU.Build.0 = Release|Any CPU
	EndGlobalSection
	GlobalSection(SolutionProperties) = preSolution
		HideSolutionNode = FALSE
	EndGlobalSection
	GlobalSection(ExtensibilityGlobals) = postSolution
		SolutionGuid = {0215095D-DB78-4EE0-BBC9-C86C0B4140A4}
	EndGlobalSection
EndGlobal
